# THIS IS AN AUTOGENERATED FILE. DO NOT EDIT THIS FILE DIRECTLY.
# yarn lockfile v1


colors-cli@^1.0.26:
  version "1.0.27"
  resolved "https://registry.npm.taobao.org/colors-cli/download/colors-cli-1.0.27.tgz#1a33f6cfc013cdb55e50bac0bff1a8f5f0866cf8"
  integrity sha1-GjP2z8ATzbVeULrAv/Go9fCGbPg=

loading-cli@^1.1.0:
  version "1.1.0"
  resolved "https://registry.npm.taobao.org/loading-cli/download/loading-cli-1.1.0.tgz#3457edaa3290439ad0061755174363a8091d56bc"
  integrity sha1-NFftqjKQQ5rQBhdVF0NjqAkdVrw=
  dependencies:
    colors-cli "^1.0.26"
